
Microsoft Visual Studio Solution File, Format Version 12.00
# Visual Studio Version 16
VisualStudioVersion = 16.0.31205.134
MinimumVisualStudioVersion = 10.0.40219.1
Project("{FAE04EC0-301F-11D3-BF4B-00C04F79EFBC}") = "Electronic-Organizer-API", "Electronic-Organizer-API.csproj", "{7045F068-1D13-4B02-B6AF-D580A3D18105}"
EndProject
Global
	GlobalSection(SolutionConfigurationPlatforms) = preSolution
		Debug|Any CPU = Debug|Any CPU
		Release|Any CPU = Release|Any CPU
	EndGlobalSection
	GlobalSection(ProjectConfigurationPlatforms) = postSolution
		{7045F068-1D13-4B02-B6AF-D580A3D18105}.Debug|Any CPU.ActiveCfg = Debug|Any CPU
		{7045F068-1D13-4B02-B6AF-D580A3D18105}.Debug|Any CPU.Build.0 = Debug|Any CPU
		{7045F068-1D13-4B02-B6AF-D580A3D18105}.Release|Any CPU.ActiveCfg = Release|Any CPU
		{7045F068-1D13-4B02-B6AF-D580A3D18105}.Release|Any CPU.Build.0 = Release|Any CPU
	EndGlobalSection
	GlobalSection(SolutionProperties) = preSolution
		HideSolutionNode = FALSE
	EndGlobalSection
	GlobalSection(ExtensibilityGlobals) = postSolution
		SolutionGuid = {F3F98D12-2A67-486B-8DBC-D4CA8D67A457}
	EndGlobalSection
EndGlobal
